// !$*UTF8*$!
{
	archiveVersion = 1;
	classes = {
	};
	objectVersion = 46;
	objects = {

/* Begin PBXBuildFile section */
		8019CB3E1BADDD780017CD7A /* FixedValues.swift in Sources */ = {isa = PBXBuildFile; fileRef = 8019CB3D1BADDD780017CD7A /* FixedValues.swift */; settings = {ASSET_TAGS = (); }; };
		8019CB401BAE1D6F0017CD7A /* libsqlite3.tbd in Frameworks */ = {isa = PBXBuildFile; fileRef = 8019CB3F1BAE1D6F0017CD7A /* libsqlite3.tbd */; };
		8019CB421BAE1D7A0017CD7A /* libz.tbd in Frameworks */ = {isa = PBXBuildFile; fileRef = 8019CB411BAE1D7A0017CD7A /* libz.tbd */; };
		801D92541BA4928800D05CE7 /* AppDelegate.swift in Sources */ = {isa = PBXBuildFile; fileRef = 801D92531BA4928800D05CE7 /* AppDelegate.swift */; };
		801D925B1BA4928800D05CE7 /* Images.xcassets in Resources */ = {isa = PBXBuildFile; fileRef = 801D925A1BA4928800D05CE7 /* Images.xcassets */; };
		801D925E1BA4928800D05CE7 /* LaunchScreen.xib in Resources */ = {isa = PBXBuildFile; fileRef = 801D925C1BA4928800D05CE7 /* LaunchScreen.xib */; };
		801D926A1BA4928800D05CE7 /* FFVChatTests.swift in Sources */ = {isa = PBXBuildFile; fileRef = 801D92691BA4928800D05CE7 /* FFVChatTests.swift */; };
		801D92751BA492C200D05CE7 /* Login_ViewController.swift in Sources */ = {isa = PBXBuildFile; fileRef = 801D92731BA492C200D05CE7 /* Login_ViewController.swift */; };
		801D92761BA492C200D05CE7 /* Login_ViewController.xib in Resources */ = {isa = PBXBuildFile; fileRef = 801D92741BA492C200D05CE7 /* Login_ViewController.xib */; };
		801D92781BA492D700D05CE7 /* User.swift in Sources */ = {isa = PBXBuildFile; fileRef = 801D92771BA492D700D05CE7 /* User.swift */; };
		801D927E1BA4936500D05CE7 /* Bolts.framework in Frameworks */ = {isa = PBXBuildFile; fileRef = 801D927C1BA4936500D05CE7 /* Bolts.framework */; };
		801D927F1BA4936500D05CE7 /* Parse.framework in Frameworks */ = {isa = PBXBuildFile; fileRef = 801D927D1BA4936500D05CE7 /* Parse.framework */; };
		801D92811BA4981F00D05CE7 /* AudioToolbox.framework in Frameworks */ = {isa = PBXBuildFile; fileRef = 801D92801BA4981F00D05CE7 /* AudioToolbox.framework */; };
		801D92831BA4982800D05CE7 /* CFNetwork.framework in Frameworks */ = {isa = PBXBuildFile; fileRef = 801D92821BA4982800D05CE7 /* CFNetwork.framework */; };
		801D92851BA4982E00D05CE7 /* CoreGraphics.framework in Frameworks */ = {isa = PBXBuildFile; fileRef = 801D92841BA4982E00D05CE7 /* CoreGraphics.framework */; };
		801D92871BA4983400D05CE7 /* CoreLocation.framework in Frameworks */ = {isa = PBXBuildFile; fileRef = 801D92861BA4983400D05CE7 /* CoreLocation.framework */; };
		801D92891BA4983C00D05CE7 /* QuartzCore.framework in Frameworks */ = {isa = PBXBuildFile; fileRef = 801D92881BA4983C00D05CE7 /* QuartzCore.framework */; };
		801D928B1BA4984300D05CE7 /* Security.framework in Frameworks */ = {isa = PBXBuildFile; fileRef = 801D928A1BA4984300D05CE7 /* Security.framework */; };
		801D928D1BA4984800D05CE7 /* StoreKit.framework in Frameworks */ = {isa = PBXBuildFile; fileRef = 801D928C1BA4984800D05CE7 /* StoreKit.framework */; };
		801D928F1BA4985000D05CE7 /* SystemConfiguration.framework in Frameworks */ = {isa = PBXBuildFile; fileRef = 801D928E1BA4985000D05CE7 /* SystemConfiguration.framework */; };
		801D92961BA4A21A00D05CE7 /* FBSDKCoreKit.framework in Frameworks */ = {isa = PBXBuildFile; fileRef = 801D92951BA4A21A00D05CE7 /* FBSDKCoreKit.framework */; };
		801D92981BA4A7E900D05CE7 /* FBSDKLoginKit.framework in Frameworks */ = {isa = PBXBuildFile; fileRef = 801D92971BA4A7E900D05CE7 /* FBSDKLoginKit.framework */; };
		801D929B1BA4FC8800D05CE7 /* FacebookRegister_ViewController.swift in Sources */ = {isa = PBXBuildFile; fileRef = 801D92991BA4FC8800D05CE7 /* FacebookRegister_ViewController.swift */; };
		801D929C1BA4FC8800D05CE7 /* FacebookRegister_ViewController.xib in Resources */ = {isa = PBXBuildFile; fileRef = 801D929A1BA4FC8800D05CE7 /* FacebookRegister_ViewController.xib */; };
		801D929E1BA5177400D05CE7 /* DAOUser.swift in Sources */ = {isa = PBXBuildFile; fileRef = 801D929D1BA5177400D05CE7 /* DAOUser.swift */; };
		801D92A01BA51E5900D05CE7 /* UserInfo.plist in Resources */ = {isa = PBXBuildFile; fileRef = 801D929F1BA51E5900D05CE7 /* UserInfo.plist */; };
		801D92A31BA5304A00D05CE7 /* Chat_ViewController.swift in Sources */ = {isa = PBXBuildFile; fileRef = 801D92A11BA5304A00D05CE7 /* Chat_ViewController.swift */; };
		801D92A41BA5304A00D05CE7 /* Chat_ViewController.xib in Resources */ = {isa = PBXBuildFile; fileRef = 801D92A21BA5304A00D05CE7 /* Chat_ViewController.xib */; };
		F66B29BC1BAB67CD00BC43EE /* AppRegister_ViewController.swift in Sources */ = {isa = PBXBuildFile; fileRef = F66B29BA1BAB67CD00BC43EE /* AppRegister_ViewController.swift */; };
		F66B29BD1BAB67CD00BC43EE /* AppRegister_ViewController.xib in Resources */ = {isa = PBXBuildFile; fileRef = F66B29BB1BAB67CD00BC43EE /* AppRegister_ViewController.xib */; };
		F66B29BF1BAB69B300BC43EE /* Tutorial_PageViewController.swift in Sources */ = {isa = PBXBuildFile; fileRef = F66B29BE1BAB69B300BC43EE /* Tutorial_PageViewController.swift */; };
		F66B29C21BAB6A0600BC43EE /* TutoFirst_ViewController.swift in Sources */ = {isa = PBXBuildFile; fileRef = F66B29C01BAB6A0600BC43EE /* TutoFirst_ViewController.swift */; };
		F66B29C31BAB6A0600BC43EE /* TutoFirst_ViewController.xib in Resources */ = {isa = PBXBuildFile; fileRef = F66B29C11BAB6A0600BC43EE /* TutoFirst_ViewController.xib */; };
		F66B29C61BAB6A3B00BC43EE /* TutoSecond_ViewController TutoSecond_ViewController TutoSecond_ViewController.swift in Sources */ = {isa = PBXBuildFile; fileRef = F66B29C41BAB6A3B00BC43EE /* TutoSecond_ViewController TutoSecond_ViewController TutoSecond_ViewController.swift */; };
		F66B29C71BAB6A3B00BC43EE /* TutoSecond_ViewController TutoSecond_ViewController TutoSecond_ViewController.xib in Resources */ = {isa = PBXBuildFile; fileRef = F66B29C51BAB6A3B00BC43EE /* TutoSecond_ViewController TutoSecond_ViewController TutoSecond_ViewController.xib */; };
		F66B29CA1BAB6AE700BC43EE /* Privacy_ViewController.swift in Sources */ = {isa = PBXBuildFile; fileRef = F66B29C81BAB6AE700BC43EE /* Privacy_ViewController.swift */; };
		F66B29CB1BAB6AE700BC43EE /* Privacy_ViewController.xib in Resources */ = {isa = PBXBuildFile; fileRef = F66B29C91BAB6AE700BC43EE /* Privacy_ViewController.xib */; };
		F66B29CE1BAB6B4E00BC43EE /* Import_ViewController.swift in Sources */ = {isa = PBXBuildFile; fileRef = F66B29CC1BAB6B4E00BC43EE /* Import_ViewController.swift */; };
		F66B29CF1BAB6B4E00BC43EE /* Import_ViewController.xib in Resources */ = {isa = PBXBuildFile; fileRef = F66B29CD1BAB6B4E00BC43EE /* Import_ViewController.xib */; };
		F66B29D21BAB6B8300BC43EE /* Contacts_ViewController.swift in Sources */ = {isa = PBXBuildFile; fileRef = F66B29D01BAB6B8300BC43EE /* Contacts_ViewController.swift */; };
		F66B29D31BAB6B8300BC43EE /* Contacts_ViewController.xib in Resources */ = {isa = PBXBuildFile; fileRef = F66B29D11BAB6B8300BC43EE /* Contacts_ViewController.xib */; };
		F66B29D61BAB6BB400BC43EE /* Settings_ViewController.swift in Sources */ = {isa = PBXBuildFile; fileRef = F66B29D41BAB6BB400BC43EE /* Settings_ViewController.swift */; };
		F66B29D71BAB6BB400BC43EE /* Settings_ViewController.xib in Resources */ = {isa = PBXBuildFile; fileRef = F66B29D51BAB6BB400BC43EE /* Settings_ViewController.xib */; };
		F66B29DA1BAB6C0700BC43EE /* ReceiverProfile_ViewController.swift in Sources */ = {isa = PBXBuildFile; fileRef = F66B29D81BAB6C0700BC43EE /* ReceiverProfile_ViewController.swift */; };
		F66B29DB1BAB6C0700BC43EE /* ReceiverProfile_ViewController.xib in Resources */ = {isa = PBXBuildFile; fileRef = F66B29D91BAB6C0700BC43EE /* ReceiverProfile_ViewController.xib */; };
		F66B29DE1BAB6C9B00BC43EE /* SentMidiaGallery_ViewController.swift in Sources */ = {isa = PBXBuildFile; fileRef = F66B29DC1BAB6C9B00BC43EE /* SentMidiaGallery_ViewController.swift */; };
		F66B29DF1BAB6C9B00BC43EE /* SentMidiaGallery_ViewController.xib in Resources */ = {isa = PBXBuildFile; fileRef = F66B29DD1BAB6C9B00BC43EE /* SentMidiaGallery_ViewController.xib */; };
		F66B29E21BAB6D6600BC43EE /* SelectedMidia_ViewController.swift in Sources */ = {isa = PBXBuildFile; fileRef = F66B29E01BAB6D6600BC43EE /* SelectedMidia_ViewController.swift */; };
		F66B29E31BAB6D6600BC43EE /* SelectedMidia_ViewController.xib in Resources */ = {isa = PBXBuildFile; fileRef = F66B29E11BAB6D6600BC43EE /* SelectedMidia_ViewController.xib */; };
		F66B29E51BAB6DB800BC43EE /* TakePhoto_ViewController.swift in Sources */ = {isa = PBXBuildFile; fileRef = F66B29E41BAB6DB800BC43EE /* TakePhoto_ViewController.swift */; };
		F66B29E81BAB6DED00BC43EE /* ValidateUser_ViewController.swift in Sources */ = {isa = PBXBuildFile; fileRef = F66B29E61BAB6DED00BC43EE /* ValidateUser_ViewController.swift */; };
		F66B29E91BAB6DED00BC43EE /* ValidateUser_ViewController.xib in Resources */ = {isa = PBXBuildFile; fileRef = F66B29E71BAB6DED00BC43EE /* ValidateUser_ViewController.xib */; };
		F66B29EB1BAB6E2B00BC43EE /* NavigationChat_View.swift in Sources */ = {isa = PBXBuildFile; fileRef = F66B29EA1BAB6E2B00BC43EE /* NavigationChat_View.swift */; };
		F66B29ED1BAB6FAF00BC43EE /* NavigationContact_View.swift in Sources */ = {isa = PBXBuildFile; fileRef = F66B29EC1BAB6FAF00BC43EE /* NavigationContact_View.swift */; };
		F66B29EF1BAB6FCE00BC43EE /* NavigationMidia_View.swift in Sources */ = {isa = PBXBuildFile; fileRef = F66B29EE1BAB6FCE00BC43EE /* NavigationMidia_View.swift */; };
		F66B29F11BAB6FF800BC43EE /* Notification_View.swift in Sources */ = {isa = PBXBuildFile; fileRef = F66B29F01BAB6FF800BC43EE /* Notification_View.swift */; };
		F66B29F31BAB702200BC43EE /* ContactManager_View.swift in Sources */ = {isa = PBXBuildFile; fileRef = F66B29F21BAB702200BC43EE /* ContactManager_View.swift */; };
		F66B29F51BAB703200BC43EE /* MidiaViewer_View.swift in Sources */ = {isa = PBXBuildFile; fileRef = F66B29F41BAB703200BC43EE /* MidiaViewer_View.swift */; };
		F66B29F71BAB704D00BC43EE /* Password_View.swift in Sources */ = {isa = PBXBuildFile; fileRef = F66B29F61BAB704D00BC43EE /* Password_View.swift */; };
		F66B29F91BAB707200BC43EE /* ImageZoom_View.swift in Sources */ = {isa = PBXBuildFile; fileRef = F66B29F81BAB707200BC43EE /* ImageZoom_View.swift */; };
		F66B29FB1BAB708800BC43EE /* Search_View.swift in Sources */ = {isa = PBXBuildFile; fileRef = F66B29FA1BAB708800BC43EE /* Search_View.swift */; };
		F66B29FD1BAB70A200BC43EE /* LoadScreen_View.swift in Sources */ = {isa = PBXBuildFile; fileRef = F66B29FC1BAB70A200BC43EE /* LoadScreen_View.swift */; };
/* End PBXBuildFile section */

/* Begin PBXContainerItemProxy section */
		801D92641BA4928800D05CE7 /* PBXContainerItemProxy */ = {
			isa = PBXContainerItemProxy;
			containerPortal = 801D92461BA4928800D05CE7 /* Project object */;
			proxyType = 1;
			remoteGlobalIDString = 801D924D1BA4928800D05CE7;
			remoteInfo = FFVChat;
		};
/* End PBXContainerItemProxy section */

/* Begin PBXFileReference section */
		8019CB3D1BADDD780017CD7A /* FixedValues.swift */ = {isa = PBXFileReference; fileEncoding = 4; lastKnownFileType = sourcecode.swift; path = FixedValues.swift; sourceTree = "<group>"; };
		8019CB3F1BAE1D6F0017CD7A /* libsqlite3.tbd */ = {isa = PBXFileReference; lastKnownFileType = "sourcecode.text-based-dylib-definition"; name = libsqlite3.tbd; path = usr/lib/libsqlite3.tbd; sourceTree = SDKROOT; };
		8019CB411BAE1D7A0017CD7A /* libz.tbd */ = {isa = PBXFileReference; lastKnownFileType = "sourcecode.text-based-dylib-definition"; name = libz.tbd; path = usr/lib/libz.tbd; sourceTree = SDKROOT; };
		801D924E1BA4928800D05CE7 /* FFVChat.app */ = {isa = PBXFileReference; explicitFileType = wrapper.application; includeInIndex = 0; path = FFVChat.app; sourceTree = BUILT_PRODUCTS_DIR; };
		801D92521BA4928800D05CE7 /* Info.plist */ = {isa = PBXFileReference; lastKnownFileType = text.plist.xml; path = Info.plist; sourceTree = "<group>"; };
		801D92531BA4928800D05CE7 /* AppDelegate.swift */ = {isa = PBXFileReference; lastKnownFileType = sourcecode.swift; path = AppDelegate.swift; sourceTree = "<group>"; };
		801D925A1BA4928800D05CE7 /* Images.xcassets */ = {isa = PBXFileReference; lastKnownFileType = folder.assetcatalog; path = Images.xcassets; sourceTree = "<group>"; };
		801D925D1BA4928800D05CE7 /* Base */ = {isa = PBXFileReference; lastKnownFileType = file.xib; name = Base; path = Base.lproj/LaunchScreen.xib; sourceTree = "<group>"; };
		801D92631BA4928800D05CE7 /* FFVChatTests.xctest */ = {isa = PBXFileReference; explicitFileType = wrapper.cfbundle; includeInIndex = 0; path = FFVChatTests.xctest; sourceTree = BUILT_PRODUCTS_DIR; };
		801D92681BA4928800D05CE7 /* Info.plist */ = {isa = PBXFileReference; lastKnownFileType = text.plist.xml; path = Info.plist; sourceTree = "<group>"; };
		801D92691BA4928800D05CE7 /* FFVChatTests.swift */ = {isa = PBXFileReference; lastKnownFileType = sourcecode.swift; path = FFVChatTests.swift; sourceTree = "<group>"; };
		801D92731BA492C200D05CE7 /* Login_ViewController.swift */ = {isa = PBXFileReference; fileEncoding = 4; lastKnownFileType = sourcecode.swift; path = Login_ViewController.swift; sourceTree = "<group>"; };
		801D92741BA492C200D05CE7 /* Login_ViewController.xib */ = {isa = PBXFileReference; fileEncoding = 4; lastKnownFileType = file.xib; path = Login_ViewController.xib; sourceTree = "<group>"; };
		801D92771BA492D700D05CE7 /* User.swift */ = {isa = PBXFileReference; fileEncoding = 4; lastKnownFileType = sourcecode.swift; path = User.swift; sourceTree = "<group>"; };
		801D927C1BA4936500D05CE7 /* Bolts.framework */ = {isa = PBXFileReference; lastKnownFileType = wrapper.framework; path = Bolts.framework; sourceTree = "<group>"; };
		801D927D1BA4936500D05CE7 /* Parse.framework */ = {isa = PBXFileReference; lastKnownFileType = wrapper.framework; path = Parse.framework; sourceTree = "<group>"; };
		801D92801BA4981F00D05CE7 /* AudioToolbox.framework */ = {isa = PBXFileReference; lastKnownFileType = wrapper.framework; name = AudioToolbox.framework; path = System/Library/Frameworks/AudioToolbox.framework; sourceTree = SDKROOT; };
		801D92821BA4982800D05CE7 /* CFNetwork.framework */ = {isa = PBXFileReference; lastKnownFileType = wrapper.framework; name = CFNetwork.framework; path = System/Library/Frameworks/CFNetwork.framework; sourceTree = SDKROOT; };
		801D92841BA4982E00D05CE7 /* CoreGraphics.framework */ = {isa = PBXFileReference; lastKnownFileType = wrapper.framework; name = CoreGraphics.framework; path = System/Library/Frameworks/CoreGraphics.framework; sourceTree = SDKROOT; };
		801D92861BA4983400D05CE7 /* CoreLocation.framework */ = {isa = PBXFileReference; lastKnownFileType = wrapper.framework; name = CoreLocation.framework; path = System/Library/Frameworks/CoreLocation.framework; sourceTree = SDKROOT; };
		801D92881BA4983C00D05CE7 /* QuartzCore.framework */ = {isa = PBXFileReference; lastKnownFileType = wrapper.framework; name = QuartzCore.framework; path = System/Library/Frameworks/QuartzCore.framework; sourceTree = SDKROOT; };
		801D928A1BA4984300D05CE7 /* Security.framework */ = {isa = PBXFileReference; lastKnownFileType = wrapper.framework; name = Security.framework; path = System/Library/Frameworks/Security.framework; sourceTree = SDKROOT; };
		801D928C1BA4984800D05CE7 /* StoreKit.framework */ = {isa = PBXFileReference; lastKnownFileType = wrapper.framework; name = StoreKit.framework; path = System/Library/Frameworks/StoreKit.framework; sourceTree = SDKROOT; };
		801D928E1BA4985000D05CE7 /* SystemConfiguration.framework */ = {isa = PBXFileReference; lastKnownFileType = wrapper.framework; name = SystemConfiguration.framework; path = System/Library/Frameworks/SystemConfiguration.framework; sourceTree = SDKROOT; };
		801D92951BA4A21A00D05CE7 /* FBSDKCoreKit.framework */ = {isa = PBXFileReference; lastKnownFileType = wrapper.framework; path = FBSDKCoreKit.framework; sourceTree = "<group>"; };
		801D92971BA4A7E900D05CE7 /* FBSDKLoginKit.framework */ = {isa = PBXFileReference; lastKnownFileType = wrapper.framework; path = FBSDKLoginKit.framework; sourceTree = "<group>"; };
		801D92991BA4FC8800D05CE7 /* FacebookRegister_ViewController.swift */ = {isa = PBXFileReference; fileEncoding = 4; lastKnownFileType = sourcecode.swift; path = FacebookRegister_ViewController.swift; sourceTree = "<group>"; };
		801D929A1BA4FC8800D05CE7 /* FacebookRegister_ViewController.xib */ = {isa = PBXFileReference; fileEncoding = 4; lastKnownFileType = file.xib; path = FacebookRegister_ViewController.xib; sourceTree = "<group>"; };
		801D929D1BA5177400D05CE7 /* DAOUser.swift */ = {isa = PBXFileReference; fileEncoding = 4; lastKnownFileType = sourcecode.swift; path = DAOUser.swift; sourceTree = "<group>"; };
		801D929F1BA51E5900D05CE7 /* UserInfo.plist */ = {isa = PBXFileReference; fileEncoding = 4; lastKnownFileType = text.plist.xml; path = UserInfo.plist; sourceTree = "<group>"; };
		801D92A11BA5304A00D05CE7 /* Chat_ViewController.swift */ = {isa = PBXFileReference; fileEncoding = 4; lastKnownFileType = sourcecode.swift; path = Chat_ViewController.swift; sourceTree = "<group>"; };
		801D92A21BA5304A00D05CE7 /* Chat_ViewController.xib */ = {isa = PBXFileReference; fileEncoding = 4; lastKnownFileType = file.xib; path = Chat_ViewController.xib; sourceTree = "<group>"; };
		F66B29BA1BAB67CD00BC43EE /* AppRegister_ViewController.swift */ = {isa = PBXFileReference; fileEncoding = 4; lastKnownFileType = sourcecode.swift; name = AppRegister_ViewController.swift; path = ../AppRegister_ViewController.swift; sourceTree = "<group>"; };
		F66B29BB1BAB67CD00BC43EE /* AppRegister_ViewController.xib */ = {isa = PBXFileReference; fileEncoding = 4; lastKnownFileType = file.xib; name = AppRegister_ViewController.xib; path = ../AppRegister_ViewController.xib; sourceTree = "<group>"; };
		F66B29BE1BAB69B300BC43EE /* Tutorial_PageViewController.swift */ = {isa = PBXFileReference; fileEncoding = 4; lastKnownFileType = sourcecode.swift; path = Tutorial_PageViewController.swift; sourceTree = "<group>"; };
		F66B29C01BAB6A0600BC43EE /* TutoFirst_ViewController.swift */ = {isa = PBXFileReference; fileEncoding = 4; lastKnownFileType = sourcecode.swift; path = TutoFirst_ViewController.swift; sourceTree = "<group>"; };
		F66B29C11BAB6A0600BC43EE /* TutoFirst_ViewController.xib */ = {isa = PBXFileReference; fileEncoding = 4; lastKnownFileType = file.xib; path = TutoFirst_ViewController.xib; sourceTree = "<group>"; };
		F66B29C41BAB6A3B00BC43EE /* TutoSecond_ViewController TutoSecond_ViewController TutoSecond_ViewController.swift */ = {isa = PBXFileReference; fileEncoding = 4; lastKnownFileType = sourcecode.swift; path = "TutoSecond_ViewController TutoSecond_ViewController TutoSecond_ViewController.swift"; sourceTree = "<group>"; };
		F66B29C51BAB6A3B00BC43EE /* TutoSecond_ViewController TutoSecond_ViewController TutoSecond_ViewController.xib */ = {isa = PBXFileReference; fileEncoding = 4; lastKnownFileType = file.xib; path = "TutoSecond_ViewController TutoSecond_ViewController TutoSecond_ViewController.xib"; sourceTree = "<group>"; };
		F66B29C81BAB6AE700BC43EE /* Privacy_ViewController.swift */ = {isa = PBXFileReference; fileEncoding = 4; lastKnownFileType = sourcecode.swift; path = Privacy_ViewController.swift; sourceTree = "<group>"; };
		F66B29C91BAB6AE700BC43EE /* Privacy_ViewController.xib */ = {isa = PBXFileReference; fileEncoding = 4; lastKnownFileType = file.xib; path = Privacy_ViewController.xib; sourceTree = "<group>"; };
		F66B29CC1BAB6B4E00BC43EE /* Import_ViewController.swift */ = {isa = PBXFileReference; fileEncoding = 4; lastKnownFileType = sourcecode.swift; path = Import_ViewController.swift; sourceTree = "<group>"; };
		F66B29CD1BAB6B4E00BC43EE /* Import_ViewController.xib */ = {isa = PBXFileReference; fileEncoding = 4; lastKnownFileType = file.xib; path = Import_ViewController.xib; sourceTree = "<group>"; };
		F66B29D01BAB6B8300BC43EE /* Contacts_ViewController.swift */ = {isa = PBXFileReference; fileEncoding = 4; lastKnownFileType = sourcecode.swift; path = Contacts_ViewController.swift; sourceTree = "<group>"; };
		F66B29D11BAB6B8300BC43EE /* Contacts_ViewController.xib */ = {isa = PBXFileReference; fileEncoding = 4; lastKnownFileType = file.xib; path = Contacts_ViewController.xib; sourceTree = "<group>"; };
		F66B29D41BAB6BB400BC43EE /* Settings_ViewController.swift */ = {isa = PBXFileReference; fileEncoding = 4; lastKnownFileType = sourcecode.swift; path = Settings_ViewController.swift; sourceTree = "<group>"; };
		F66B29D51BAB6BB400BC43EE /* Settings_ViewController.xib */ = {isa = PBXFileReference; fileEncoding = 4; lastKnownFileType = file.xib; path = Settings_ViewController.xib; sourceTree = "<group>"; };
		F66B29D81BAB6C0700BC43EE /* ReceiverProfile_ViewController.swift */ = {isa = PBXFileReference; fileEncoding = 4; lastKnownFileType = sourcecode.swift; path = ReceiverProfile_ViewController.swift; sourceTree = "<group>"; };
		F66B29D91BAB6C0700BC43EE /* ReceiverProfile_ViewController.xib */ = {isa = PBXFileReference; fileEncoding = 4; lastKnownFileType = file.xib; path = ReceiverProfile_ViewController.xib; sourceTree = "<group>"; };
		F66B29DC1BAB6C9B00BC43EE /* SentMidiaGallery_ViewController.swift */ = {isa = PBXFileReference; fileEncoding = 4; lastKnownFileType = sourcecode.swift; path = SentMidiaGallery_ViewController.swift; sourceTree = "<group>"; };
		F66B29DD1BAB6C9B00BC43EE /* SentMidiaGallery_ViewController.xib */ = {isa = PBXFileReference; fileEncoding = 4; lastKnownFileType = file.xib; path = SentMidiaGallery_ViewController.xib; sourceTree = "<group>"; };
		F66B29E01BAB6D6600BC43EE /* SelectedMidia_ViewController.swift */ = {isa = PBXFileReference; fileEncoding = 4; lastKnownFileType = sourcecode.swift; path = SelectedMidia_ViewController.swift; sourceTree = "<group>"; };
		F66B29E11BAB6D6600BC43EE /* SelectedMidia_ViewController.xib */ = {isa = PBXFileReference; fileEncoding = 4; lastKnownFileType = file.xib; path = SelectedMidia_ViewController.xib; sourceTree = "<group>"; };
		F66B29E41BAB6DB800BC43EE /* TakePhoto_ViewController.swift */ = {isa = PBXFileReference; fileEncoding = 4; lastKnownFileType = sourcecode.swift; path = TakePhoto_ViewController.swift; sourceTree = "<group>"; };
		F66B29E61BAB6DED00BC43EE /* ValidateUser_ViewController.swift */ = {isa = PBXFileReference; fileEncoding = 4; lastKnownFileType = sourcecode.swift; path = ValidateUser_ViewController.swift; sourceTree = "<group>"; };
		F66B29E71BAB6DED00BC43EE /* ValidateUser_ViewController.xib */ = {isa = PBXFileReference; fileEncoding = 4; lastKnownFileType = file.xib; path = ValidateUser_ViewController.xib; sourceTree = "<group>"; };
		F66B29EA1BAB6E2B00BC43EE /* NavigationChat_View.swift */ = {isa = PBXFileReference; fileEncoding = 4; lastKnownFileType = sourcecode.swift; path = NavigationChat_View.swift; sourceTree = "<group>"; };
		F66B29EC1BAB6FAF00BC43EE /* NavigationContact_View.swift */ = {isa = PBXFileReference; fileEncoding = 4; lastKnownFileType = sourcecode.swift; path = NavigationContact_View.swift; sourceTree = "<group>"; };
		F66B29EE1BAB6FCE00BC43EE /* NavigationMidia_View.swift */ = {isa = PBXFileReference; fileEncoding = 4; lastKnownFileType = sourcecode.swift; path = NavigationMidia_View.swift; sourceTree = "<group>"; };
		F66B29F01BAB6FF800BC43EE /* Notification_View.swift */ = {isa = PBXFileReference; fileEncoding = 4; lastKnownFileType = sourcecode.swift; path = Notification_View.swift; sourceTree = "<group>"; };
		F66B29F21BAB702200BC43EE /* ContactManager_View.swift */ = {isa = PBXFileReference; fileEncoding = 4; lastKnownFileType = sourcecode.swift; path = ContactManager_View.swift; sourceTree = "<group>"; };
		F66B29F41BAB703200BC43EE /* MidiaViewer_View.swift */ = {isa = PBXFileReference; fileEncoding = 4; lastKnownFileType = sourcecode.swift; path = MidiaViewer_View.swift; sourceTree = "<group>"; };
		F66B29F61BAB704D00BC43EE /* Password_View.swift */ = {isa = PBXFileReference; fileEncoding = 4; lastKnownFileType = sourcecode.swift; path = Password_View.swift; sourceTree = "<group>"; };
		F66B29F81BAB707200BC43EE /* ImageZoom_View.swift */ = {isa = PBXFileReference; fileEncoding = 4; lastKnownFileType = sourcecode.swift; path = ImageZoom_View.swift; sourceTree = "<group>"; };
		F66B29FA1BAB708800BC43EE /* Search_View.swift */ = {isa = PBXFileReference; fileEncoding = 4; lastKnownFileType = sourcecode.swift; path = Search_View.swift; sourceTree = "<group>"; };
		F66B29FC1BAB70A200BC43EE /* LoadScreen_View.swift */ = {isa = PBXFileReference; fileEncoding = 4; lastKnownFileType = sourcecode.swift; path = LoadScreen_View.swift; sourceTree = "<group>"; };
/* End PBXFileReference section */

/* Begin PBXFrameworksBuildPhase section */
		801D924B1BA4928800D05CE7 /* Frameworks */ = {
			isa = PBXFrameworksBuildPhase;
			buildActionMask = 2147483647;
			files = (
				8019CB421BAE1D7A0017CD7A /* libz.tbd in Frameworks */,
				8019CB401BAE1D6F0017CD7A /* libsqlite3.tbd in Frameworks */,
				801D928F1BA4985000D05CE7 /* SystemConfiguration.framework in Frameworks */,
				801D928D1BA4984800D05CE7 /* StoreKit.framework in Frameworks */,
				801D92981BA4A7E900D05CE7 /* FBSDKLoginKit.framework in Frameworks */,
				801D928B1BA4984300D05CE7 /* Security.framework in Frameworks */,
				801D92891BA4983C00D05CE7 /* QuartzCore.framework in Frameworks */,
				801D92871BA4983400D05CE7 /* CoreLocation.framework in Frameworks */,
				801D92851BA4982E00D05CE7 /* CoreGraphics.framework in Frameworks */,
				801D92961BA4A21A00D05CE7 /* FBSDKCoreKit.framework in Frameworks */,
				801D92831BA4982800D05CE7 /* CFNetwork.framework in Frameworks */,
				801D92811BA4981F00D05CE7 /* AudioToolbox.framework in Frameworks */,
				801D927F1BA4936500D05CE7 /* Parse.framework in Frameworks */,
				801D927E1BA4936500D05CE7 /* Bolts.framework in Frameworks */,
			);
			runOnlyForDeploymentPostprocessing = 0;
		};
		801D92601BA4928800D05CE7 /* Frameworks */ = {
			isa = PBXFrameworksBuildPhase;
			buildActionMask = 2147483647;
			files = (
			);
			runOnlyForDeploymentPostprocessing = 0;
		};
/* End PBXFrameworksBuildPhase section */

/* Begin PBXGroup section */
		8019CB3B1BAD16280017CD7A /* Visual Itens */ = {
			isa = PBXGroup;
			children = (
				F66B29EC1BAB6FAF00BC43EE /* NavigationContact_View.swift */,
				F66B29EA1BAB6E2B00BC43EE /* NavigationChat_View.swift */,
				F66B29F81BAB707200BC43EE /* ImageZoom_View.swift */,
				F66B29F61BAB704D00BC43EE /* Password_View.swift */,
				F66B29F41BAB703200BC43EE /* MidiaViewer_View.swift */,
				F66B29EE1BAB6FCE00BC43EE /* NavigationMidia_View.swift */,
				F66B29F01BAB6FF800BC43EE /* Notification_View.swift */,
				F66B29F21BAB702200BC43EE /* ContactManager_View.swift */,
				F66B29FA1BAB708800BC43EE /* Search_View.swift */,
				F66B29FC1BAB70A200BC43EE /* LoadScreen_View.swift */,
			);
			name = "Visual Itens";
			sourceTree = "<group>";
		};
		8019CB3C1BAD16320017CD7A /* Screens */ = {
			isa = PBXGroup;
			children = (
				801D92741BA492C200D05CE7 /* Login_ViewController.xib */,
				F66B29E71BAB6DED00BC43EE /* ValidateUser_ViewController.xib */,
				F66B29BB1BAB67CD00BC43EE /* AppRegister_ViewController.xib */,
				801D929A1BA4FC8800D05CE7 /* FacebookRegister_ViewController.xib */,
				F66B29C11BAB6A0600BC43EE /* TutoFirst_ViewController.xib */,
				F66B29C51BAB6A3B00BC43EE /* TutoSecond_ViewController TutoSecond_ViewController TutoSecond_ViewController.xib */,
				F66B29C91BAB6AE700BC43EE /* Privacy_ViewController.xib */,
				F66B29CD1BAB6B4E00BC43EE /* Import_ViewController.xib */,
				F66B29D11BAB6B8300BC43EE /* Contacts_ViewController.xib */,
				801D92A21BA5304A00D05CE7 /* Chat_ViewController.xib */,
				F66B29D91BAB6C0700BC43EE /* ReceiverProfile_ViewController.xib */,
				F66B29DD1BAB6C9B00BC43EE /* SentMidiaGallery_ViewController.xib */,
				F66B29E11BAB6D6600BC43EE /* SelectedMidia_ViewController.xib */,
				F66B29D51BAB6BB400BC43EE /* Settings_ViewController.xib */,
			);
			name = Screens;
			sourceTree = "<group>";
		};
		801D92451BA4928800D05CE7 = {
			isa = PBXGroup;
			children = (
				801D92941BA4986D00D05CE7 /* FrameWorks */,
				801D92501BA4928800D05CE7 /* FFVChat */,
				801D92661BA4928800D05CE7 /* FFVChatTests */,
				801D924F1BA4928800D05CE7 /* Products */,
			);
			sourceTree = "<group>";
		};
		801D924F1BA4928800D05CE7 /* Products */ = {
			isa = PBXGroup;
			children = (
				801D924E1BA4928800D05CE7 /* FFVChat.app */,
				801D92631BA4928800D05CE7 /* FFVChatTests.xctest */,
			);
			name = Products;
			sourceTree = "<group>";
		};
		801D92501BA4928800D05CE7 /* FFVChat */ = {
			isa = PBXGroup;
			children = (
				801D92531BA4928800D05CE7 /* AppDelegate.swift */,
				801D92791BA492E100D05CE7 /* Model */,
				801D927A1BA492EC00D05CE7 /* View */,
				801D927B1BA492F200D05CE7 /* Controller */,
				801D925A1BA4928800D05CE7 /* Images.xcassets */,
				801D925C1BA4928800D05CE7 /* LaunchScreen.xib */,
				801D92511BA4928800D05CE7 /* Supporting Files */,
			);
			path = FFVChat;
			sourceTree = "<group>";
		};
		801D92511BA4928800D05CE7 /* Supporting Files */ = {
			isa = PBXGroup;
			children = (
				801D92521BA4928800D05CE7 /* Info.plist */,
				801D929F1BA51E5900D05CE7 /* UserInfo.plist */,
			);
			name = "Supporting Files";
			sourceTree = "<group>";
		};
		801D92661BA4928800D05CE7 /* FFVChatTests */ = {
			isa = PBXGroup;
			children = (
				801D92691BA4928800D05CE7 /* FFVChatTests.swift */,
				801D92671BA4928800D05CE7 /* Supporting Files */,
			);
			path = FFVChatTests;
			sourceTree = "<group>";
		};
		801D92671BA4928800D05CE7 /* Supporting Files */ = {
			isa = PBXGroup;
			children = (
				801D92681BA4928800D05CE7 /* Info.plist */,
			);
			name = "Supporting Files";
			sourceTree = "<group>";
		};
		801D92791BA492E100D05CE7 /* Model */ = {
			isa = PBXGroup;
			children = (
				801D92771BA492D700D05CE7 /* User.swift */,
				801D929D1BA5177400D05CE7 /* DAOUser.swift */,
				8019CB3D1BADDD780017CD7A /* FixedValues.swift */,
			);
			name = Model;
			sourceTree = "<group>";
		};
		801D927A1BA492EC00D05CE7 /* View */ = {
			isa = PBXGroup;
			children = (
				8019CB3C1BAD16320017CD7A /* Screens */,
				8019CB3B1BAD16280017CD7A /* Visual Itens */,
			);
			name = View;
			sourceTree = "<group>";
		};
		801D927B1BA492F200D05CE7 /* Controller */ = {
			isa = PBXGroup;
			children = (
				801D92731BA492C200D05CE7 /* Login_ViewController.swift */,
				F66B29E61BAB6DED00BC43EE /* ValidateUser_ViewController.swift */,
				F66B29BA1BAB67CD00BC43EE /* AppRegister_ViewController.swift */,
				801D92991BA4FC8800D05CE7 /* FacebookRegister_ViewController.swift */,
				F66B29BE1BAB69B300BC43EE /* Tutorial_PageViewController.swift */,
				F66B29C01BAB6A0600BC43EE /* TutoFirst_ViewController.swift */,
				F66B29C41BAB6A3B00BC43EE /* TutoSecond_ViewController TutoSecond_ViewController TutoSecond_ViewController.swift */,
				F66B29C81BAB6AE700BC43EE /* Privacy_ViewController.swift */,
				F66B29CC1BAB6B4E00BC43EE /* Import_ViewController.swift */,
				F66B29D01BAB6B8300BC43EE /* Contacts_ViewController.swift */,
				801D92A11BA5304A00D05CE7 /* Chat_ViewController.swift */,
				F66B29D81BAB6C0700BC43EE /* ReceiverProfile_ViewController.swift */,
				F66B29DC1BAB6C9B00BC43EE /* SentMidiaGallery_ViewController.swift */,
				F66B29E01BAB6D6600BC43EE /* SelectedMidia_ViewController.swift */,
				F66B29E41BAB6DB800BC43EE /* TakePhoto_ViewController.swift */,
				F66B29D41BAB6BB400BC43EE /* Settings_ViewController.swift */,
			);
			name = Controller;
			sourceTree = "<group>";
		};
		801D92941BA4986D00D05CE7 /* FrameWorks */ = {
			isa = PBXGroup;
			children = (
				8019CB411BAE1D7A0017CD7A /* libz.tbd */,
				8019CB3F1BAE1D6F0017CD7A /* libsqlite3.tbd */,
				801D92971BA4A7E900D05CE7 /* FBSDKLoginKit.framework */,
				801D92951BA4A21A00D05CE7 /* FBSDKCoreKit.framework */,
				801D928E1BA4985000D05CE7 /* SystemConfiguration.framework */,
				801D928C1BA4984800D05CE7 /* StoreKit.framework */,
				801D928A1BA4984300D05CE7 /* Security.framework */,
				801D92881BA4983C00D05CE7 /* QuartzCore.framework */,
				801D92861BA4983400D05CE7 /* CoreLocation.framework */,
				801D92841BA4982E00D05CE7 /* CoreGraphics.framework */,
				801D92821BA4982800D05CE7 /* CFNetwork.framework */,
				801D92801BA4981F00D05CE7 /* AudioToolbox.framework */,
				801D927C1BA4936500D05CE7 /* Bolts.framework */,
				801D927D1BA4936500D05CE7 /* Parse.framework */,
			);
			name = FrameWorks;
			sourceTree = "<group>";
		};
/* End PBXGroup section */

/* Begin PBXNativeTarget section */
		801D924D1BA4928800D05CE7 /* FFVChat */ = {
			isa = PBXNativeTarget;
			buildConfigurationList = 801D926D1BA4928800D05CE7 /* Build configuration list for PBXNativeTarget "FFVChat" */;
			buildPhases = (
				801D924A1BA4928800D05CE7 /* Sources */,
				801D924B1BA4928800D05CE7 /* Frameworks */,
				801D924C1BA4928800D05CE7 /* Resources */,
			);
			buildRules = (
			);
			dependencies = (
			);
			name = FFVChat;
			productName = FFVChat;
			productReference = 801D924E1BA4928800D05CE7 /* FFVChat.app */;
			productType = "com.apple.product-type.application";
		};
		801D92621BA4928800D05CE7 /* FFVChatTests */ = {
			isa = PBXNativeTarget;
			buildConfigurationList = 801D92701BA4928800D05CE7 /* Build configuration list for PBXNativeTarget "FFVChatTests" */;
			buildPhases = (
				801D925F1BA4928800D05CE7 /* Sources */,
				801D92601BA4928800D05CE7 /* Frameworks */,
				801D92611BA4928800D05CE7 /* Resources */,
			);
			buildRules = (
			);
			dependencies = (
				801D92651BA4928800D05CE7 /* PBXTargetDependency */,
			);
			name = FFVChatTests;
			productName = FFVChatTests;
			productReference = 801D92631BA4928800D05CE7 /* FFVChatTests.xctest */;
			productType = "com.apple.product-type.bundle.unit-test";
		};
/* End PBXNativeTarget section */

/* Begin PBXProject section */
		801D92461BA4928800D05CE7 /* Project object */ = {
			isa = PBXProject;
			attributes = {
				LastUpgradeCheck = 0700;
				ORGANIZATIONNAME = FilipoNegrao;
				TargetAttributes = {
					801D924D1BA4928800D05CE7 = {
						CreatedOnToolsVersion = 6.4;
					};
					801D92621BA4928800D05CE7 = {
						CreatedOnToolsVersion = 6.4;
						TestTargetID = 801D924D1BA4928800D05CE7;
					};
				};
			};
			buildConfigurationList = 801D92491BA4928800D05CE7 /* Build configuration list for PBXProject "FFVChat" */;
			compatibilityVersion = "Xcode 3.2";
			developmentRegion = English;
			hasScannedForEncodings = 0;
			knownRegions = (
				en,
				Base,
			);
			mainGroup = 801D92451BA4928800D05CE7;
			productRefGroup = 801D924F1BA4928800D05CE7 /* Products */;
			projectDirPath = "";
			projectRoot = "";
			targets = (
				801D924D1BA4928800D05CE7 /* FFVChat */,
				801D92621BA4928800D05CE7 /* FFVChatTests */,
			);
		};
/* End PBXProject section */

/* Begin PBXResourcesBuildPhase section */
		801D924C1BA4928800D05CE7 /* Resources */ = {
			isa = PBXResourcesBuildPhase;
			buildActionMask = 2147483647;
			files = (
				801D92761BA492C200D05CE7 /* Login_ViewController.xib in Resources */,
				F66B29D31BAB6B8300BC43EE /* Contacts_ViewController.xib in Resources */,
				801D929C1BA4FC8800D05CE7 /* FacebookRegister_ViewController.xib in Resources */,
				801D925E1BA4928800D05CE7 /* LaunchScreen.xib in Resources */,
				F66B29DF1BAB6C9B00BC43EE /* SentMidiaGallery_ViewController.xib in Resources */,
				F66B29CB1BAB6AE700BC43EE /* Privacy_ViewController.xib in Resources */,
				801D92A01BA51E5900D05CE7 /* UserInfo.plist in Resources */,
				F66B29D71BAB6BB400BC43EE /* Settings_ViewController.xib in Resources */,
				F66B29E31BAB6D6600BC43EE /* SelectedMidia_ViewController.xib in Resources */,
				F66B29DB1BAB6C0700BC43EE /* ReceiverProfile_ViewController.xib in Resources */,
				F66B29CF1BAB6B4E00BC43EE /* Import_ViewController.xib in Resources */,
				F66B29E91BAB6DED00BC43EE /* ValidateUser_ViewController.xib in Resources */,
				F66B29BD1BAB67CD00BC43EE /* AppRegister_ViewController.xib in Resources */,
				801D92A41BA5304A00D05CE7 /* Chat_ViewController.xib in Resources */,
				801D925B1BA4928800D05CE7 /* Images.xcassets in Resources */,
				F66B29C31BAB6A0600BC43EE /* TutoFirst_ViewController.xib in Resources */,
				F66B29C71BAB6A3B00BC43EE /* TutoSecond_ViewController TutoSecond_ViewController TutoSecond_ViewController.xib in Resources */,
			);
			runOnlyForDeploymentPostprocessing = 0;
		};
		801D92611BA4928800D05CE7 /* Resources */ = {
			isa = PBXResourcesBuildPhase;
			buildActionMask = 2147483647;
			files = (
			);
			runOnlyForDeploymentPostprocessing = 0;
		};
/* End PBXResourcesBuildPhase section */

/* Begin PBXSourcesBuildPhase section */
		801D924A1BA4928800D05CE7 /* Sources */ = {
			isa = PBXSourcesBuildPhase;
			buildActionMask = 2147483647;
			files = (
				F66B29E51BAB6DB800BC43EE /* TakePhoto_ViewController.swift in Sources */,
				F66B29DA1BAB6C0700BC43EE /* ReceiverProfile_ViewController.swift in Sources */,
				F66B29E21BAB6D6600BC43EE /* SelectedMidia_ViewController.swift in Sources */,
				F66B29E81BAB6DED00BC43EE /* ValidateUser_ViewController.swift in Sources */,
				F66B29FB1BAB708800BC43EE /* Search_View.swift in Sources */,
				F66B29C61BAB6A3B00BC43EE /* TutoSecond_ViewController TutoSecond_ViewController TutoSecond_ViewController.swift in Sources */,
				F66B29F31BAB702200BC43EE /* ContactManager_View.swift in Sources */,
				801D92A31BA5304A00D05CE7 /* Chat_ViewController.swift in Sources */,
				F66B29EB1BAB6E2B00BC43EE /* NavigationChat_View.swift in Sources */,
				F66B29BF1BAB69B300BC43EE /* Tutorial_PageViewController.swift in Sources */,
				801D92751BA492C200D05CE7 /* Login_ViewController.swift in Sources */,
				801D929B1BA4FC8800D05CE7 /* FacebookRegister_ViewController.swift in Sources */,
				F66B29F71BAB704D00BC43EE /* Password_View.swift in Sources */,
				F66B29D61BAB6BB400BC43EE /* Settings_ViewController.swift in Sources */,
				F66B29C21BAB6A0600BC43EE /* TutoFirst_ViewController.swift in Sources */,
				801D92541BA4928800D05CE7 /* AppDelegate.swift in Sources */,
				F66B29ED1BAB6FAF00BC43EE /* NavigationContact_View.swift in Sources */,
				F66B29CE1BAB6B4E00BC43EE /* Import_ViewController.swift in Sources */,
				8019CB3E1BADDD780017CD7A /* FixedValues.swift in Sources */,
				F66B29EF1BAB6FCE00BC43EE /* NavigationMidia_View.swift in Sources */,
				F66B29F51BAB703200BC43EE /* MidiaViewer_View.swift in Sources */,
				F66B29D21BAB6B8300BC43EE /* Contacts_ViewController.swift in Sources */,
				F66B29CA1BAB6AE700BC43EE /* Privacy_ViewController.swift in Sources */,
				F66B29DE1BAB6C9B00BC43EE /* SentMidiaGallery_ViewController.swift in Sources */,
				F66B29F11BAB6FF800BC43EE /* Notification_View.swift in Sources */,
				F66B29BC1BAB67CD00BC43EE /* AppRegister_ViewController.swift in Sources */,
				801D92781BA492D700D05CE7 /* User.swift in Sources */,
				F66B29FD1BAB70A200BC43EE /* LoadScreen_View.swift in Sources */,
				F66B29F91BAB707200BC43EE /* ImageZoom_View.swift in Sources */,
				801D929E1BA5177400D05CE7 /* DAOUser.swift in Sources */,
			);
			runOnlyForDeploymentPostprocessing = 0;
		};
		801D925F1BA4928800D05CE7 /* Sources */ = {
			isa = PBXSourcesBuildPhase;
			buildActionMask = 2147483647;
			files = (
				801D926A1BA4928800D05CE7 /* FFVChatTests.swift in Sources */,
			);
			runOnlyForDeploymentPostprocessing = 0;
		};
/* End PBXSourcesBuildPhase section */

/* Begin PBXTargetDependency section */
		801D92651BA4928800D05CE7 /* PBXTargetDependency */ = {
			isa = PBXTargetDependency;
			target = 801D924D1BA4928800D05CE7 /* FFVChat */;
			targetProxy = 801D92641BA4928800D05CE7 /* PBXContainerItemProxy */;
		};
/* End PBXTargetDependency section */

/* Begin PBXVariantGroup section */
		801D925C1BA4928800D05CE7 /* LaunchScreen.xib */ = {
			isa = PBXVariantGroup;
			children = (
				801D925D1BA4928800D05CE7 /* Base */,
			);
			name = LaunchScreen.xib;
			sourceTree = "<group>";
		};
/* End PBXVariantGroup section */

/* Begin XCBuildConfiguration section */
		801D926B1BA4928800D05CE7 /* Debug */ = {
			isa = XCBuildConfiguration;
			buildSettings = {
				ALWAYS_SEARCH_USER_PATHS = NO;
				CLANG_CXX_LANGUAGE_STANDARD = "gnu++0x";
				CLANG_CXX_LIBRARY = "libc++";
				CLANG_ENABLE_MODULES = YES;
				CLANG_ENABLE_OBJC_ARC = YES;
				CLANG_WARN_BOOL_CONVERSION = YES;
				CLANG_WARN_CONSTANT_CONVERSION = YES;
				CLANG_WARN_DIRECT_OBJC_ISA_USAGE = YES_ERROR;
				CLANG_WARN_EMPTY_BODY = YES;
				CLANG_WARN_ENUM_CONVERSION = YES;
				CLANG_WARN_INT_CONVERSION = YES;
				CLANG_WARN_OBJC_ROOT_CLASS = YES_ERROR;
				CLANG_WARN_UNREACHABLE_CODE = YES;
				CLANG_WARN__DUPLICATE_METHOD_MATCH = YES;
				"CODE_SIGN_IDENTITY[sdk=iphoneos*]" = "iPhone Developer";
				COPY_PHASE_STRIP = NO;
				DEBUG_INFORMATION_FORMAT = "dwarf-with-dsym";
				ENABLE_STRICT_OBJC_MSGSEND = YES;
				ENABLE_TESTABILITY = YES;
				GCC_C_LANGUAGE_STANDARD = gnu99;
				GCC_DYNAMIC_NO_PIC = NO;
				GCC_NO_COMMON_BLOCKS = YES;
				GCC_OPTIMIZATION_LEVEL = 0;
				GCC_PREPROCESSOR_DEFINITIONS = (
					"DEBUG=1",
					"$(inherited)",
				);
				GCC_SYMBOLS_PRIVATE_EXTERN = NO;
				GCC_WARN_64_TO_32_BIT_CONVERSION = YES;
				GCC_WARN_ABOUT_RETURN_TYPE = YES_ERROR;
				GCC_WARN_UNDECLARED_SELECTOR = YES;
				GCC_WARN_UNINITIALIZED_AUTOS = YES_AGGRESSIVE;
				GCC_WARN_UNUSED_FUNCTION = YES;
				GCC_WARN_UNUSED_VARIABLE = YES;
				IPHONEOS_DEPLOYMENT_TARGET = 8.4;
				MTL_ENABLE_DEBUG_INFO = YES;
				ONLY_ACTIVE_ARCH = YES;
				SDKROOT = iphoneos;
				SWIFT_OPTIMIZATION_LEVEL = "-Onone";
				TARGETED_DEVICE_FAMILY = "1,2";
			};
			name = Debug;
		};
		801D926C1BA4928800D05CE7 /* Release */ = {
			isa = XCBuildConfiguration;
			buildSettings = {
				ALWAYS_SEARCH_USER_PATHS = NO;
				CLANG_CXX_LANGUAGE_STANDARD = "gnu++0x";
				CLANG_CXX_LIBRARY = "libc++";
				CLANG_ENABLE_MODULES = YES;
				CLANG_ENABLE_OBJC_ARC = YES;
				CLANG_WARN_BOOL_CONVERSION = YES;
				CLANG_WARN_CONSTANT_CONVERSION = YES;
				CLANG_WARN_DIRECT_OBJC_ISA_USAGE = YES_ERROR;
				CLANG_WARN_EMPTY_BODY = YES;
				CLANG_WARN_ENUM_CONVERSION = YES;
				CLANG_WARN_INT_CONVERSION = YES;
				CLANG_WARN_OBJC_ROOT_CLASS = YES_ERROR;
				CLANG_WARN_UNREACHABLE_CODE = YES;
				CLANG_WARN__DUPLICATE_METHOD_MATCH = YES;
				"CODE_SIGN_IDENTITY[sdk=iphoneos*]" = "iPhone Developer";
				COPY_PHASE_STRIP = NO;
				DEBUG_INFORMATION_FORMAT = "dwarf-with-dsym";
				ENABLE_NS_ASSERTIONS = NO;
				ENABLE_STRICT_OBJC_MSGSEND = YES;
				GCC_C_LANGUAGE_STANDARD = gnu99;
				GCC_NO_COMMON_BLOCKS = YES;
				GCC_WARN_64_TO_32_BIT_CONVERSION = YES;
				GCC_WARN_ABOUT_RETURN_TYPE = YES_ERROR;
				GCC_WARN_UNDECLARED_SELECTOR = YES;
				GCC_WARN_UNINITIALIZED_AUTOS = YES_AGGRESSIVE;
				GCC_WARN_UNUSED_FUNCTION = YES;
				GCC_WARN_UNUSED_VARIABLE = YES;
				IPHONEOS_DEPLOYMENT_TARGET = 8.4;
				MTL_ENABLE_DEBUG_INFO = NO;
				SDKROOT = iphoneos;
				TARGETED_DEVICE_FAMILY = "1,2";
				VALIDATE_PRODUCT = YES;
			};
			name = Release;
		};
		801D926E1BA4928800D05CE7 /* Debug */ = {
			isa = XCBuildConfiguration;
			buildSettings = {
				ASSETCATALOG_COMPILER_APPICON_NAME = AppIcon;
				CODE_SIGN_IDENTITY = "iPhone Developer";
				"CODE_SIGN_IDENTITY[sdk=iphoneos*]" = "iPhone Developer";
				FRAMEWORK_SEARCH_PATHS = (
					"$(inherited)",
					"$(PROJECT_DIR)",
				);
				INFOPLIST_FILE = FFVChat/Info.plist;
				LD_RUNPATH_SEARCH_PATHS = "$(inherited) @executable_path/Frameworks";
				PRODUCT_BUNDLE_IDENTIFIER = "FFV.$(PRODUCT_NAME:rfc1034identifier)";
				PRODUCT_NAME = "$(TARGET_NAME)";
				PROVISIONING_PROFILE = "";
			};
			name = Debug;
		};
		801D926F1BA4928800D05CE7 /* Release */ = {
			isa = XCBuildConfiguration;
			buildSettings = {
				ASSETCATALOG_COMPILER_APPICON_NAME = AppIcon;
				CODE_SIGN_IDENTITY = "iPhone Developer";
				"CODE_SIGN_IDENTITY[sdk=iphoneos*]" = "iPhone Developer";
				FRAMEWORK_SEARCH_PATHS = (
					"$(inherited)",
					"$(PROJECT_DIR)",
				);
				INFOPLIST_FILE = FFVChat/Info.plist;
				LD_RUNPATH_SEARCH_PATHS = "$(inherited) @executable_path/Frameworks";
				PRODUCT_BUNDLE_IDENTIFIER = "FFV.$(PRODUCT_NAME:rfc1034identifier)";
				PRODUCT_NAME = "$(TARGET_NAME)";
				PROVISIONING_PROFILE = "";
			};
			name = Release;
		};
		801D92711BA4928800D05CE7 /* Debug */ = {
			isa = XCBuildConfiguration;
			buildSettings = {
				BUNDLE_LOADER = "$(TEST_HOST)";
				FRAMEWORK_SEARCH_PATHS = (
					"$(SDKROOT)/Developer/Library/Frameworks",
					"$(inherited)",
				);
				GCC_PREPROCESSOR_DEFINITIONS = (
					"DEBUG=1",
					"$(inherited)",
				);
				INFOPLIST_FILE = FFVChatTests/Info.plist;
				LD_RUNPATH_SEARCH_PATHS = "$(inherited) @executable_path/Frameworks @loader_path/Frameworks";
				PRODUCT_BUNDLE_IDENTIFIER = "FFV.$(PRODUCT_NAME:rfc1034identifier)";
				PRODUCT_NAME = "$(TARGET_NAME)";
				TEST_HOST = "$(BUILT_PRODUCTS_DIR)/FFVChat.app/FFVChat";
			};
			name = Debug;
		};
		801D92721BA4928800D05CE7 /* Release */ = {
			isa = XCBuildConfiguration;
			buildSettings = {
				BUNDLE_LOADER = "$(TEST_HOST)";
				FRAMEWORK_SEARCH_PATHS = (
					"$(SDKROOT)/Developer/Library/Frameworks",
					"$(inherited)",
				);
				INFOPLIST_FILE = FFVChatTests/Info.plist;
				LD_RUNPATH_SEARCH_PATHS = "$(inherited) @executable_path/Frameworks @loader_path/Frameworks";
				PRODUCT_BUNDLE_IDENTIFIER = "FFV.$(PRODUCT_NAME:rfc1034identifier)";
				PRODUCT_NAME = "$(TARGET_NAME)";
				TEST_HOST = "$(BUILT_PRODUCTS_DIR)/FFVChat.app/FFVChat";
			};
			name = Release;
		};
/* End XCBuildConfiguration section */

/* Begin XCConfigurationList section */
		801D92491BA4928800D05CE7 /* Build configuration list for PBXProject "FFVChat" */ = {
			isa = XCConfigurationList;
			buildConfigurations = (
				801D926B1BA4928800D05CE7 /* Debug */,
				801D926C1BA4928800D05CE7 /* Release */,
			);
			defaultConfigurationIsVisible = 0;
			defaultConfigurationName = Release;
		};
		801D926D1BA4928800D05CE7 /* Build configuration list for PBXNativeTarget "FFVChat" */ = {
			isa = XCConfigurationList;
			buildConfigurations = (
				801D926E1BA4928800D05CE7 /* Debug */,
				801D926F1BA4928800D05CE7 /* Release */,
			);
			defaultConfigurationIsVisible = 0;
			defaultConfigurationName = Release;
		};
		801D92701BA4928800D05CE7 /* Build configuration list for PBXNativeTarget "FFVChatTests" */ = {
			isa = XCConfigurationList;
			buildConfigurations = (
				801D92711BA4928800D05CE7 /* Debug */,
				801D92721BA4928800D05CE7 /* Release */,
			);
			defaultConfigurationIsVisible = 0;
			defaultConfigurationName = Release;
		};
/* End XCConfigurationList section */
	};
	rootObject = 801D92461BA4928800D05CE7 /* Project object */;
}
